PODS:
  - lottie-ios (3.1.8)
  - Masonry (1.1.0)
  - Toast-Swift (5.0.1)
  - TZImagePickerController (3.4.1)

DEPENDENCIES:
  - lottie-ios
  - Masonry
  - Toast-Swift
  - TZImagePickerController

SPEC REPOS:
  trunk:
    - lottie-ios
    - Masonry
    - Toast-Swift
    - TZImagePickerController

SPEC CHECKSUMS:
  lottie-ios: 48fac6be217c76937e36e340e2d09cf7b10b7f5f
  Masonry: 678fab65091a9290e40e2832a55e7ab731aad201
  Toast-Swift: 9b6a70f28b3bf0b96c40d46c0c4b9d6639846711
  TZImagePickerController: 4e7a7b3d314f8a75f11042931dfd9d34c270c7db

PODFILE CHECKSUM: 1cfe99f66cc557eba062ad1d95ab200551a09c68

COCOAPODS: 1.10.0.beta.1
