// !$*UTF8*$!
{
	archiveVersion = 1;
	classes = {
	};
	objectVersion = 51;
	objects = {

/* Begin PBXBuildFile section */
		248B7622A493F98FEEDDCDE7 /* Pods_Imood_swift.framework in Frameworks */ = {isa = PBXBuildFile; fileRef = F185DBE30A5B5B41FE188746 /* Pods_Imood_swift.framework */; };
		2F40E0EA247E6A8400A0C76F /* ComposerViewController.swift in Sources */ = {isa = PBXBuildFile; fileRef = 2F40E0E9247E6A8400A0C76F /* ComposerViewController.swift */; };
		2F40E0EC247FBB0E00A0C76F /* MGBase.swift in Sources */ = {isa = PBXBuildFile; fileRef = 2F40E0EB247FBB0E00A0C76F /* MGBase.swift */; };
		2F40E1102483517100A0C76F /* ComposerCell.swift in Sources */ = {isa = PBXBuildFile; fileRef = 2F40E10F2483517100A0C76F /* ComposerCell.swift */; };
		2F87DC58247BBEDA009C2ED4 /* AppDelegate.swift in Sources */ = {isa = PBXBuildFile; fileRef = 2F87DC57247BBEDA009C2ED4 /* AppDelegate.swift */; };
		2F87DC5A247BBEDA009C2ED4 /* SceneDelegate.swift in Sources */ = {isa = PBXBuildFile; fileRef = 2F87DC59247BBEDA009C2ED4 /* SceneDelegate.swift */; };
		2F87DC5C247BBEDA009C2ED4 /* ViewController.swift in Sources */ = {isa = PBXBuildFile; fileRef = 2F87DC5B247BBEDA009C2ED4 /* ViewController.swift */; };
		2F87DC5F247BBEDA009C2ED4 /* Main.storyboard in Resources */ = {isa = PBXBuildFile; fileRef = 2F87DC5D247BBEDA009C2ED4 /* Main.storyboard */; };
		2F87DC61247BBEDC009C2ED4 /* Assets.xcassets in Resources */ = {isa = PBXBuildFile; fileRef = 2F87DC60247BBEDC009C2ED4 /* Assets.xcassets */; };
		2F87DC64247BBEDC009C2ED4 /* LaunchScreen.storyboard in Resources */ = {isa = PBXBuildFile; fileRef = 2F87DC62247BBEDC009C2ED4 /* LaunchScreen.storyboard */; };
/* End PBXBuildFile section */

/* Begin PBXFileReference section */
		2F40E0E9247E6A8400A0C76F /* ComposerViewController.swift */ = {isa = PBXFileReference; lastKnownFileType = sourcecode.swift; path = ComposerViewController.swift; sourceTree = "<group>"; };
		2F40E0EB247FBB0E00A0C76F /* MGBase.swift */ = {isa = PBXFileReference; lastKnownFileType = sourcecode.swift; path = MGBase.swift; sourceTree = "<group>"; };
		2F40E10F2483517100A0C76F /* ComposerCell.swift */ = {isa = PBXFileReference; lastKnownFileType = sourcecode.swift; path = ComposerCell.swift; sourceTree = "<group>"; };
		2F87DC54247BBEDA009C2ED4 /* Imood_swift.app */ = {isa = PBXFileReference; explicitFileType = wrapper.application; includeInIndex = 0; path = Imood_swift.app; sourceTree = BUILT_PRODUCTS_DIR; };
		2F87DC57247BBEDA009C2ED4 /* AppDelegate.swift */ = {isa = PBXFileReference; lastKnownFileType = sourcecode.swift; path = AppDelegate.swift; sourceTree = "<group>"; };
		2F87DC59247BBEDA009C2ED4 /* SceneDelegate.swift */ = {isa = PBXFileReference; lastKnownFileType = sourcecode.swift; path = SceneDelegate.swift; sourceTree = "<group>"; };
		2F87DC5B247BBEDA009C2ED4 /* ViewController.swift */ = {isa = PBXFileReference; lastKnownFileType = sourcecode.swift; path = ViewController.swift; sourceTree = "<group>"; };
		2F87DC5E247BBEDA009C2ED4 /* Base */ = {isa = PBXFileReference; lastKnownFileType = file.storyboard; name = Base; path = Base.lproj/Main.storyboard; sourceTree = "<group>"; };
		2F87DC60247BBEDC009C2ED4 /* Assets.xcassets */ = {isa = PBXFileReference; lastKnownFileType = folder.assetcatalog; path = Assets.xcassets; sourceTree = "<group>"; };
		2F87DC63247BBEDC009C2ED4 /* Base */ = {isa = PBXFileReference; lastKnownFileType = file.storyboard; name = Base; path = Base.lproj/LaunchScreen.storyboard; sourceTree = "<group>"; };
		2F87DC65247BBEDC009C2ED4 /* Info.plist */ = {isa = PBXFileReference; lastKnownFileType = text.plist.xml; path = Info.plist; sourceTree = "<group>"; };
		5CCC3A2E3E35C5F251E0C831 /* Pods-Imood_swift.release.xcconfig */ = {isa = PBXFileReference; includeInIndex = 1; lastKnownFileType = text.xcconfig; name = "Pods-Imood_swift.release.xcconfig"; path = "Target Support Files/Pods-Imood_swift/Pods-Imood_swift.release.xcconfig"; sourceTree = "<group>"; };
		87136052D60CA11E60C36E15 /* Pods-Imood_swift.debug.xcconfig */ = {isa = PBXFileReference; includeInIndex = 1; lastKnownFileType = text.xcconfig; name = "Pods-Imood_swift.debug.xcconfig"; path = "Target Support Files/Pods-Imood_swift/Pods-Imood_swift.debug.xcconfig"; sourceTree = "<group>"; };
		F185DBE30A5B5B41FE188746 /* Pods_Imood_swift.framework */ = {isa = PBXFileReference; explicitFileType = wrapper.framework; includeInIndex = 0; path = Pods_Imood_swift.framework; sourceTree = BUILT_PRODUCTS_DIR; };
/* End PBXFileReference section */

/* Begin PBXFrameworksBuildPhase section */
		2F87DC51247BBEDA009C2ED4 /* Frameworks */ = {
			isa = PBXFrameworksBuildPhase;
			buildActionMask = 2147483647;
			files = (
				248B7622A493F98FEEDDCDE7 /* Pods_Imood_swift.framework in Frameworks */,
			);
			runOnlyForDeploymentPostprocessing = 0;
		};
/* End PBXFrameworksBuildPhase section */

/* Begin PBXGroup section */
		21FE0BD14907637801A2DF3D /* Pods */ = {
			isa = PBXGroup;
			children = (
				87136052D60CA11E60C36E15 /* Pods-Imood_swift.debug.xcconfig */,
				5CCC3A2E3E35C5F251E0C831 /* Pods-Imood_swift.release.xcconfig */,
			);
			path = Pods;
			sourceTree = "<group>";
		};
		2F87DC4B247BBEDA009C2ED4 = {
			isa = PBXGroup;
			children = (
				2F87DC56247BBEDA009C2ED4 /* Imood_swift */,
				2F87DC55247BBEDA009C2ED4 /* Products */,
				21FE0BD14907637801A2DF3D /* Pods */,
				5916ED93F71F80B08A68BE29 /* Frameworks */,
			);
			sourceTree = "<group>";
		};
		2F87DC55247BBEDA009C2ED4 /* Products */ = {
			isa = PBXGroup;
			children = (
				2F87DC54247BBEDA009C2ED4 /* Imood_swift.app */,
			);
			name = Products;
			sourceTree = "<group>";
		};
		2F87DC56247BBEDA009C2ED4 /* Imood_swift */ = {
			isa = PBXGroup;
			children = (
				2F87DC57247BBEDA009C2ED4 /* AppDelegate.swift */,
				2F87DC59247BBEDA009C2ED4 /* SceneDelegate.swift */,
				2F87DC5B247BBEDA009C2ED4 /* ViewController.swift */,
				2F40E0E9247E6A8400A0C76F /* ComposerViewController.swift */,
				2F40E10F2483517100A0C76F /* ComposerCell.swift */,
				2F40E0EB247FBB0E00A0C76F /* MGBase.swift */,
				2F87DC5D247BBEDA009C2ED4 /* Main.storyboard */,
				2F87DC60247BBEDC009C2ED4 /* Assets.xcassets */,
				2F87DC62247BBEDC009C2ED4 /* LaunchScreen.storyboard */,
				2F87DC65247BBEDC009C2ED4 /* Info.plist */,
			);
			path = Imood_swift;
			sourceTree = "<group>";
		};
		5916ED93F71F80B08A68BE29 /* Frameworks */ = {
			isa = PBXGroup;
			children = (
				F185DBE30A5B5B41FE188746 /* Pods_Imood_swift.framework */,
			);
			name = Frameworks;
			sourceTree = "<group>";
		};
/* End PBXGroup section */

/* Begin PBXNativeTarget section */
		2F87DC53247BBEDA009C2ED4 /* Imood_swift */ = {
			isa = PBXNativeTarget;
			buildConfigurationList = 2F87DC68247BBEDC009C2ED4 /* Build configuration list for PBXNativeTarget "Imood_swift" */;
			buildPhases = (
				9FECB027752B825E9C923EC0 /* [CP] Check Pods Manifest.lock */,
				2F87DC50247BBEDA009C2ED4 /* Sources */,
				2F87DC51247BBEDA009C2ED4 /* Frameworks */,
				2F87DC52247BBEDA009C2ED4 /* Resources */,
				655E015852F21FEADB4EBCB3 /* [CP] Embed Pods Frameworks */,
			);
			buildRules = (
			);
			dependencies = (
			);
			name = Imood_swift;
			productName = Imood_swift;
			productReference = 2F87DC54247BBEDA009C2ED4 /* Imood_swift.app */;
			productType = "com.apple.product-type.application";
		};
/* End PBXNativeTarget section */

/* Begin PBXProject section */
		2F87DC4C247BBEDA009C2ED4 /* Project object */ = {
			isa = PBXProject;
			attributes = {
				LastSwiftUpdateCheck = 1150;
				LastUpgradeCheck = 1150;
				ORGANIZATIONNAME = Mac;
				TargetAttributes = {
					2F87DC53247BBEDA009C2ED4 = {
						CreatedOnToolsVersion = 11.5;
					};
				};
			};
			buildConfigurationList = 2F87DC4F247BBEDA009C2ED4 /* Build configuration list for PBXProject "Imood_swift" */;
			compatibilityVersion = "Xcode 9.3";
			developmentRegion = en;
			hasScannedForEncodings = 0;
			knownRegions = (
				en,
				Base,
			);
			mainGroup = 2F87DC4B247BBEDA009C2ED4;
			productRefGroup = 2F87DC55247BBEDA009C2ED4 /* Products */;
			projectDirPath = "";
			projectRoot = "";
			targets = (
				2F87DC53247BBEDA009C2ED4 /* Imood_swift */,
			);
		};
/* End PBXProject section */

/* Begin PBXResourcesBuildPhase section */
		2F87DC52247BBEDA009C2ED4 /* Resources */ = {
			isa = PBXResourcesBuildPhase;
			buildActionMask = 2147483647;
			files = (
				2F87DC64247BBEDC009C2ED4 /* LaunchScreen.storyboard in Resources */,
				2F87DC61247BBEDC009C2ED4 /* Assets.xcassets in Resources */,
				2F87DC5F247BBEDA009C2ED4 /* Main.storyboard in Resources */,
			);
			runOnlyForDeploymentPostprocessing = 0;
		};
/* End PBXResourcesBuildPhase section */

/* Begin PBXShellScriptBuildPhase section */
		655E015852F21FEADB4EBCB3 /* [CP] Embed Pods Frameworks */ = {
			isa = PBXShellScriptBuildPhase;
			buildActionMask = 2147483647;
			files = (
			);
			inputFileListPaths = (
				"${PODS_ROOT}/Target Support Files/Pods-Imood_swift/Pods-Imood_swift-frameworks-${CONFIGURATION}-input-files.xcfilelist",
			);
			name = "[CP] Embed Pods Frameworks";
			outputFileListPaths = (
				"${PODS_ROOT}/Target Support Files/Pods-Imood_swift/Pods-Imood_swift-frameworks-${CONFIGURATION}-output-files.xcfilelist",
			);
			runOnlyForDeploymentPostprocessing = 0;
			shellPath = /bin/sh;
			shellScript = "\"${PODS_ROOT}/Target Support Files/Pods-Imood_swift/Pods-Imood_swift-frameworks.sh\"\n";
			showEnvVarsInLog = 0;
		};
		9FECB027752B825E9C923EC0 /* [CP] Check Pods Manifest.lock */ = {
			isa = PBXShellScriptBuildPhase;
			buildActionMask = 2147483647;
			files = (
			);
			inputFileListPaths = (
			);
			inputPaths = (
				"${PODS_PODFILE_DIR_PATH}/Podfile.lock",
				"${PODS_ROOT}/Manifest.lock",
			);
			name = "[CP] Check Pods Manifest.lock";
			outputFileListPaths = (
			);
			outputPaths = (
				"$(DERIVED_FILE_DIR)/Pods-Imood_swift-checkManifestLockResult.txt",
			);
			runOnlyForDeploymentPostprocessing = 0;
			shellPath = /bin/sh;
			shellScript = "diff \"${PODS_PODFILE_DIR_PATH}/Podfile.lock\" \"${PODS_ROOT}/Manifest.lock\" > /dev/null\nif [ $? != 0 ] ; then\n    # print error to STDERR\n    echo \"error: The sandbox is not in sync with the Podfile.lock. Run 'pod install' or update your CocoaPods installation.\" >&2\n    exit 1\nfi\n# This output is used by Xcode 'outputs' to avoid re-running this script phase.\necho \"SUCCESS\" > \"${SCRIPT_OUTPUT_FILE_0}\"\n";
			showEnvVarsInLog = 0;
		};
/* End PBXShellScriptBuildPhase section */

/* Begin PBXSourcesBuildPhase section */
		2F87DC50247BBEDA009C2ED4 /* Sources */ = {
			isa = PBXSourcesBuildPhase;
			buildActionMask = 2147483647;
			files = (
				2F40E0EC247FBB0E00A0C76F /* MGBase.swift in Sources */,
				2F40E1102483517100A0C76F /* ComposerCell.swift in Sources */,
				2F87DC5C247BBEDA009C2ED4 /* ViewController.swift in Sources */,
				2F87DC58247BBEDA009C2ED4 /* AppDelegate.swift in Sources */,
				2F40E0EA247E6A8400A0C76F /* ComposerViewController.swift in Sources */,
				2F87DC5A247BBEDA009C2ED4 /* SceneDelegate.swift in Sources */,
			);
			runOnlyForDeploymentPostprocessing = 0;
		};
/* End PBXSourcesBuildPhase section */

/* Begin PBXVariantGroup section */
		2F87DC5D247BBEDA009C2ED4 /* Main.storyboard */ = {
			isa = PBXVariantGroup;
			children = (
				2F87DC5E247BBEDA009C2ED4 /* Base */,
			);
			name = Main.storyboard;
			sourceTree = "<group>";
		};
		2F87DC62247BBEDC009C2ED4 /* LaunchScreen.storyboard */ = {
			isa = PBXVariantGroup;
			children = (
				2F87DC63247BBEDC009C2ED4 /* Base */,
			);
			name = LaunchScreen.storyboard;
			sourceTree = "<group>";
		};
/* End PBXVariantGroup section */

/* Begin XCBuildConfiguration section */
		2F87DC66247BBEDC009C2ED4 /* Debug */ = {
			isa = XCBuildConfiguration;
			buildSettings = {
				ALWAYS_SEARCH_USER_PATHS = NO;
				CLANG_ANALYZER_NONNULL = YES;
				CLANG_ANALYZER_NUMBER_OBJECT_CONVERSION = YES_AGGRESSIVE;
				CLANG_CXX_LANGUAGE_STANDARD = "gnu++14";
				CLANG_CXX_LIBRARY = "libc++";
				CLANG_ENABLE_MODULES = YES;
				CLANG_ENABLE_OBJC_ARC = YES;
				CLANG_ENABLE_OBJC_WEAK = YES;
				CLANG_WARN_BLOCK_CAPTURE_AUTORELEASING = YES;
				CLANG_WARN_BOOL_CONVERSION = YES;
				CLANG_WARN_COMMA = YES;
				CLANG_WARN_CONSTANT_CONVERSION = YES;
				CLANG_WARN_DEPRECATED_OBJC_IMPLEMENTATIONS = YES;
				CLANG_WARN_DIRECT_OBJC_ISA_USAGE = YES_ERROR;
				CLANG_WARN_DOCUMENTATION_COMMENTS = YES;
				CLANG_WARN_EMPTY_BODY = YES;
				CLANG_WARN_ENUM_CONVERSION = YES;
				CLANG_WARN_INFINITE_RECURSION = YES;
				CLANG_WARN_INT_CONVERSION = YES;
				CLANG_WARN_NON_LITERAL_NULL_CONVERSION = YES;
				CLANG_WARN_OBJC_IMPLICIT_RETAIN_SELF = YES;
				CLANG_WARN_OBJC_LITERAL_CONVERSION = YES;
				CLANG_WARN_OBJC_ROOT_CLASS = YES_ERROR;
				CLANG_WARN_RANGE_LOOP_ANALYSIS = YES;
				CLANG_WARN_STRICT_PROTOTYPES = YES;
				CLANG_WARN_SUSPICIOUS_MOVE = YES;
				CLANG_WARN_UNGUARDED_AVAILABILITY = YES_AGGRESSIVE;
				CLANG_WARN_UNREACHABLE_CODE = YES;
				CLANG_WARN__DUPLICATE_METHOD_MATCH = YES;
				COPY_PHASE_STRIP = NO;
				DEBUG_INFORMATION_FORMAT = dwarf;
				ENABLE_STRICT_OBJC_MSGSEND = YES;
				ENABLE_TESTABILITY = YES;
				GCC_C_LANGUAGE_STANDARD = gnu11;
				GCC_DYNAMIC_NO_PIC = NO;
				GCC_NO_COMMON_BLOCKS = YES;
				GCC_OPTIMIZATION_LEVEL = 0;
				GCC_PREPROCESSOR_DEFINITIONS = (
					"DEBUG=1",
					"$(inherited)",
				);
				GCC_WARN_64_TO_32_BIT_CONVERSION = YES;
				GCC_WARN_ABOUT_RETURN_TYPE = YES_ERROR;
				GCC_WARN_UNDECLARED_SELECTOR = YES;
				GCC_WARN_UNINITIALIZED_AUTOS = YES_AGGRESSIVE;
				GCC_WARN_UNUSED_FUNCTION = YES;
				GCC_WARN_UNUSED_VARIABLE = YES;
				IPHONEOS_DEPLOYMENT_TARGET = 9.0;
				MTL_ENABLE_DEBUG_INFO = INCLUDE_SOURCE;
				MTL_FAST_MATH = YES;
				ONLY_ACTIVE_ARCH = YES;
				SDKROOT = iphoneos;
				SWIFT_ACTIVE_COMPILATION_CONDITIONS = DEBUG;
				SWIFT_OPTIMIZATION_LEVEL = "-Onone";
			};
			name = Debug;
		};
		2F87DC67247BBEDC009C2ED4 /* Release */ = {
			isa = XCBuildConfiguration;
			buildSettings = {
				ALWAYS_SEARCH_USER_PATHS = NO;
				CLANG_ANALYZER_NONNULL = YES;
				CLANG_ANALYZER_NUMBER_OBJECT_CONVERSION = YES_AGGRESSIVE;
				CLANG_CXX_LANGUAGE_STANDARD = "gnu++14";
				CLANG_CXX_LIBRARY = "libc++";
				CLANG_ENABLE_MODULES = YES;
				CLANG_ENABLE_OBJC_ARC = YES;
				CLANG_ENABLE_OBJC_WEAK = YES;
				CLANG_WARN_BLOCK_CAPTURE_AUTORELEASING = YES;
				CLANG_WARN_BOOL_CONVERSION = YES;
				CLANG_WARN_COMMA = YES;
				CLANG_WARN_CONSTANT_CONVERSION = YES;
				CLANG_WARN_DEPRECATED_OBJC_IMPLEMENTATIONS = YES;
				CLANG_WARN_DIRECT_OBJC_ISA_USAGE = YES_ERROR;
				CLANG_WARN_DOCUMENTATION_COMMENTS = YES;
				CLANG_WARN_EMPTY_BODY = YES;
				CLANG_WARN_ENUM_CONVERSION = YES;
				CLANG_WARN_INFINITE_RECURSION = YES;
				CLANG_WARN_INT_CONVERSION = YES;
				CLANG_WARN_NON_LITERAL_NULL_CONVERSION = YES;
				CLANG_WARN_OBJC_IMPLICIT_RETAIN_SELF = YES;
				CLANG_WARN_OBJC_LITERAL_CONVERSION = YES;
				CLANG_WARN_OBJC_ROOT_CLASS = YES_ERROR;
				CLANG_WARN_RANGE_LOOP_ANALYSIS = YES;
				CLANG_WARN_STRICT_PROTOTYPES = YES;
				CLANG_WARN_SUSPICIOUS_MOVE = YES;
				CLANG_WARN_UNGUARDED_AVAILABILITY = YES_AGGRESSIVE;
				CLANG_WARN_UNREACHABLE_CODE = YES;
				CLANG_WARN__DUPLICATE_METHOD_MATCH = YES;
				COPY_PHASE_STRIP = NO;
				DEBUG_INFORMATION_FORMAT = "dwarf-with-dsym";
				ENABLE_NS_ASSERTIONS = NO;
				ENABLE_STRICT_OBJC_MSGSEND = YES;
				GCC_C_LANGUAGE_STANDARD = gnu11;
				GCC_NO_COMMON_BLOCKS = YES;
				GCC_WARN_64_TO_32_BIT_CONVERSION = YES;
				GCC_WARN_ABOUT_RETURN_TYPE = YES_ERROR;
				GCC_WARN_UNDECLARED_SELECTOR = YES;
				GCC_WARN_UNINITIALIZED_AUTOS = YES_AGGRESSIVE;
				GCC_WARN_UNUSED_FUNCTION = YES;
				GCC_WARN_UNUSED_VARIABLE = YES;
				IPHONEOS_DEPLOYMENT_TARGET = 9.0;
				MTL_ENABLE_DEBUG_INFO = NO;
				MTL_FAST_MATH = YES;
				SDKROOT = iphoneos;
				SWIFT_COMPILATION_MODE = wholemodule;
				SWIFT_OPTIMIZATION_LEVEL = "-O";
				VALIDATE_PRODUCT = YES;
			};
			name = Release;
		};
		2F87DC69247BBEDC009C2ED4 /* Debug */ = {
			isa = XCBuildConfiguration;
			baseConfigurationReference = 87136052D60CA11E60C36E15 /* Pods-Imood_swift.debug.xcconfig */;
			buildSettings = {
				ASSETCATALOG_COMPILER_APPICON_NAME = AppIcon;
				CODE_SIGN_STYLE = Automatic;
				DEVELOPMENT_TEAM = 4H52C2E3DJ;
				INFOPLIST_FILE = Imood_swift/Info.plist;
				LD_RUNPATH_SEARCH_PATHS = (
					"$(inherited)",
					"@executable_path/Frameworks",
				);
				PRODUCT_BUNDLE_IDENTIFIER = "xmg.Imood-swift";
				PRODUCT_NAME = "$(TARGET_NAME)";
				SWIFT_VERSION = 5.0;
				TARGETED_DEVICE_FAMILY = "1,2";
			};
			name = Debug;
		};
		2F87DC6A247BBEDC009C2ED4 /* Release */ = {
			isa = XCBuildConfiguration;
			baseConfigurationReference = 5CCC3A2E3E35C5F251E0C831 /* Pods-Imood_swift.release.xcconfig */;
			buildSettings = {
				ASSETCATALOG_COMPILER_APPICON_NAME = AppIcon;
				CODE_SIGN_STYLE = Automatic;
				DEVELOPMENT_TEAM = 4H52C2E3DJ;
				INFOPLIST_FILE = Imood_swift/Info.plist;
				LD_RUNPATH_SEARCH_PATHS = (
					"$(inherited)",
					"@executable_path/Frameworks",
				);
				PRODUCT_BUNDLE_IDENTIFIER = "xmg.Imood-swift";
				PRODUCT_NAME = "$(TARGET_NAME)";
				SWIFT_VERSION = 5.0;
				TARGETED_DEVICE_FAMILY = "1,2";
			};
			name = Release;
		};
/* End XCBuildConfiguration section */

/* Begin XCConfigurationList section */
		2F87DC4F247BBEDA009C2ED4 /* Build configuration list for PBXProject "Imood_swift" */ = {
			isa = XCConfigurationList;
			buildConfigurations = (
				2F87DC66247BBEDC009C2ED4 /* Debug */,
				2F87DC67247BBEDC009C2ED4 /* Release */,
			);
			defaultConfigurationIsVisible = 0;
			defaultConfigurationName = Release;
		};
		2F87DC68247BBEDC009C2ED4 /* Build configuration list for PBXNativeTarget "Imood_swift" */ = {
			isa = XCConfigurationList;
			buildConfigurations = (
				2F87DC69247BBEDC009C2ED4 /* Debug */,
				2F87DC6A247BBEDC009C2ED4 /* Release */,
			);
			defaultConfigurationIsVisible = 0;
			defaultConfigurationName = Release;
		};
/* End XCConfigurationList section */
	};
	rootObject = 2F87DC4C247BBEDA009C2ED4 /* Project object */;
}
